
Microsoft Visual Studio Solution File, Format Version 12.00
# Visual Studio 15
VisualStudioVersion = 15.0.26124.0
MinimumVisualStudioVersion = 15.0.26124.0
Project("{FAE04EC0-301F-11D3-BF4B-00C04F79EFBC}") = "API", "API\API.csproj", "{51ECF9A3-F404-4BE2-991C-FD7E58893D6B}"
EndProject
Project("{FAE04EC0-301F-11D3-BF4B-00C04F79EFBC}") = "Core", "Core\Core.csproj", "{0FAE8BBD-4E00-4AEF-9797-5A65B55C3FCB}"
EndProject
Project("{FAE04EC0-301F-11D3-BF4B-00C04F79EFBC}") = "Infrastructure", "Infrastructure\Infrastructure.csproj", "{D7C9AF11-AD49-4A82-891C-7CF7177DC54A}"
EndProject
Global
	GlobalSection(SolutionConfigurationPlatforms) = preSolution
		Debug|Any CPU = Debug|Any CPU
		Debug|x64 = Debug|x64
		Debug|x86 = Debug|x86
		Release|Any CPU = Release|Any CPU
		Release|x64 = Release|x64
		Release|x86 = Release|x86
	EndGlobalSection
	GlobalSection(SolutionProperties) = preSolution
		HideSolutionNode = FALSE
	EndGlobalSection
	GlobalSection(ProjectConfigurationPlatforms) = postSolution
		{51ECF9A3-F404-4BE2-991C-FD7E58893D6B}.Debug|Any CPU.ActiveCfg = Debug|Any CPU
		{51ECF9A3-F404-4BE2-991C-FD7E58893D6B}.Debug|Any CPU.Build.0 = Debug|Any CPU
		{51ECF9A3-F404-4BE2-991C-FD7E58893D6B}.Debug|x64.ActiveCfg = Debug|Any CPU
		{51ECF9A3-F404-4BE2-991C-FD7E58893D6B}.Debug|x64.Build.0 = Debug|Any CPU
		{51ECF9A3-F404-4BE2-991C-FD7E58893D6B}.Debug|x86.ActiveCfg = Debug|Any CPU
		{51ECF9A3-F404-4BE2-991C-FD7E58893D6B}.Debug|x86.Build.0 = Debug|Any CPU
		{51ECF9A3-F404-4BE2-991C-FD7E58893D6B}.Release|Any CPU.ActiveCfg = Release|Any CPU
		{51ECF9A3-F404-4BE2-991C-FD7E58893D6B}.Release|Any CPU.Build.0 = Release|Any CPU
		{51ECF9A3-F404-4BE2-991C-FD7E58893D6B}.Release|x64.ActiveCfg = Release|Any CPU
		{51ECF9A3-F404-4BE2-991C-FD7E58893D6B}.Release|x64.Build.0 = Release|Any CPU
		{51ECF9A3-F404-4BE2-991C-FD7E58893D6B}.Release|x86.ActiveCfg = Release|Any CPU
		{51ECF9A3-F404-4BE2-991C-FD7E58893D6B}.Release|x86.Build.0 = Release|Any CPU
		{0FAE8BBD-4E00-4AEF-9797-5A65B55C3FCB}.Debug|Any CPU.ActiveCfg = Debug|Any CPU
		{0FAE8BBD-4E00-4AEF-9797-5A65B55C3FCB}.Debug|Any CPU.Build.0 = Debug|Any CPU
		{0FAE8BBD-4E00-4AEF-9797-5A65B55C3FCB}.Debug|x64.ActiveCfg = Debug|Any CPU
		{0FAE8BBD-4E00-4AEF-9797-5A65B55C3FCB}.Debug|x64.Build.0 = Debug|Any CPU
		{0FAE8BBD-4E00-4AEF-9797-5A65B55C3FCB}.Debug|x86.ActiveCfg = Debug|Any CPU
		{0FAE8BBD-4E00-4AEF-9797-5A65B55C3FCB}.Debug|x86.Build.0 = Debug|Any CPU
		{0FAE8BBD-4E00-4AEF-9797-5A65B55C3FCB}.Release|Any CPU.ActiveCfg = Release|Any CPU
		{0FAE8BBD-4E00-4AEF-9797-5A65B55C3FCB}.Release|Any CPU.Build.0 = Release|Any CPU
		{0FAE8BBD-4E00-4AEF-9797-5A65B55C3FCB}.Release|x64.ActiveCfg = Release|Any CPU
		{0FAE8BBD-4E00-4AEF-9797-5A65B55C3FCB}.Release|x64.Build.0 = Release|Any CPU
		{0FAE8BBD-4E00-4AEF-9797-5A65B55C3FCB}.Release|x86.ActiveCfg = Release|Any CPU
		{0FAE8BBD-4E00-4AEF-9797-5A65B55C3FCB}.Release|x86.Build.0 = Release|Any CPU
		{D7C9AF11-AD49-4A82-891C-7CF7177DC54A}.Debug|Any CPU.ActiveCfg = Debug|Any CPU
		{D7C9AF11-AD49-4A82-891C-7CF7177DC54A}.Debug|Any CPU.Build.0 = Debug|Any CPU
		{D7C9AF11-AD49-4A82-891C-7CF7177DC54A}.Debug|x64.ActiveCfg = Debug|Any CPU
		{D7C9AF11-AD49-4A82-891C-7CF7177DC54A}.Debug|x64.Build.0 = Debug|Any CPU
		{D7C9AF11-AD49-4A82-891C-7CF7177DC54A}.Debug|x86.ActiveCfg = Debug|Any CPU
		{D7C9AF11-AD49-4A82-891C-7CF7177DC54A}.Debug|x86.Build.0 = Debug|Any CPU
		{D7C9AF11-AD49-4A82-891C-7CF7177DC54A}.Release|Any CPU.ActiveCfg = Release|Any CPU
		{D7C9AF11-AD49-4A82-891C-7CF7177DC54A}.Release|Any CPU.Build.0 = Release|Any CPU
		{D7C9AF11-AD49-4A82-891C-7CF7177DC54A}.Release|x64.ActiveCfg = Release|Any CPU
		{D7C9AF11-AD49-4A82-891C-7CF7177DC54A}.Release|x64.Build.0 = Release|Any CPU
		{D7C9AF11-AD49-4A82-891C-7CF7177DC54A}.Release|x86.ActiveCfg = Release|Any CPU
		{D7C9AF11-AD49-4A82-891C-7CF7177DC54A}.Release|x86.Build.0 = Release|Any CPU
	EndGlobalSection
EndGlobal
